
Microsoft Visual Studio Solution File, Format Version 12.00
# Visual Studio Version 17
VisualStudioVersion = 17.9.34714.143
MinimumVisualStudioVersion = 10.0.40219.1
Project("{9A19103F-16F7-4668-BE54-9A1E7A4F7556}") = "MathGame", "MathGame\MathGame.csproj", "{DDD618AF-5AD4-4BB8-B5B8-62B99BA5C7D7}"
EndProject
Global
	GlobalSection(SolutionConfigurationPlatforms) = preSolution
		Debug|Any CPU = Debug|Any CPU
		Release|Any CPU = Release|Any CPU
	EndGlobalSection
	GlobalSection(ProjectConfigurationPlatforms) = postSolution
		{DDD618AF-5AD4-4BB8-B5B8-62B99BA5C7D7}.Debug|Any CPU.ActiveCfg = Debug|Any CPU
		{DDD618AF-5AD4-4BB8-B5B8-62B99BA5C7D7}.Debug|Any CPU.Build.0 = Debug|Any CPU
		{DDD618AF-5AD4-4BB8-B5B8-62B99BA5C7D7}.Release|Any CPU.ActiveCfg = Release|Any CPU
		{DDD618AF-5AD4-4BB8-B5B8-62B99BA5C7D7}.Release|Any CPU.Build.0 = Release|Any CPU
	EndGlobalSection
	GlobalSection(SolutionProperties) = preSolution
		HideSolutionNode = FALSE
	EndGlobalSection
	GlobalSection(ExtensibilityGlobals) = postSolution
		SolutionGuid = {925B320F-BB82-4CC8-BBA9-6004DA6AFA04}
	EndGlobalSection
EndGlobal
